
Microsoft Visual Studio Solution File, Format Version 12.00
# Visual Studio Version 17
VisualStudioVersion = 17.5.33516.290
MinimumVisualStudioVersion = 10.0.40219.1
Project("{FAE04EC0-301F-11D3-BF4B-00C04F79EFBC}") = "csharp-oop-shop", "csharp-oop-shop\csharp-oop-shop.csproj", "{B3B940ED-F4EE-4410-952B-8BBCADFCFF14}"
EndProject
Global
	GlobalSection(SolutionConfigurationPlatforms) = preSolution
		Debug|Any CPU = Debug|Any CPU
		Release|Any CPU = Release|Any CPU
	EndGlobalSection
	GlobalSection(ProjectConfigurationPlatforms) = postSolution
		{B3B940ED-F4EE-4410-952B-8BBCADFCFF14}.Debug|Any CPU.ActiveCfg = Debug|Any CPU
		{B3B940ED-F4EE-4410-952B-8BBCADFCFF14}.Debug|Any CPU.Build.0 = Debug|Any CPU
		{B3B940ED-F4EE-4410-952B-8BBCADFCFF14}.Release|Any CPU.ActiveCfg = Release|Any CPU
		{B3B940ED-F4EE-4410-952B-8BBCADFCFF14}.Release|Any CPU.Build.0 = Release|Any CPU
	EndGlobalSection
	GlobalSection(SolutionProperties) = preSolution
		HideSolutionNode = FALSE
	EndGlobalSection
	GlobalSection(ExtensibilityGlobals) = postSolution
		SolutionGuid = {7E53CCE5-93E3-427A-B71D-410BBB7A75CC}
	EndGlobalSection
EndGlobal
